
Microsoft Visual Studio Solution File, Format Version 12.00
# Visual Studio 15
Project("{FAE04EC0-301F-11D3-BF4B-00C04F79EFBC}") = "Assembly-CSharp", "Assembly-CSharp.csproj", "{F23CF21F-830D-7CE0-78D1-26D97B7E23B0}"
EndProject
Global
	GlobalSection(SolutionConfigurationPlatforms) = preSolution
		Debug|Any CPU = Debug|Any CPU
		Release|Any CPU = Release|Any CPU
	EndGlobalSection
	GlobalSection(ProjectConfigurationPlatforms) = postSolution
		{F23CF21F-830D-7CE0-78D1-26D97B7E23B0}.Debug|Any CPU.ActiveCfg = Debug|Any CPU
		{F23CF21F-830D-7CE0-78D1-26D97B7E23B0}.Debug|Any CPU.Build.0 = Debug|Any CPU
		{F23CF21F-830D-7CE0-78D1-26D97B7E23B0}.Release|Any CPU.ActiveCfg = Release|Any CPU
		{F23CF21F-830D-7CE0-78D1-26D97B7E23B0}.Release|Any CPU.Build.0 = Release|Any CPU
	EndGlobalSection
	GlobalSection(SolutionProperties) = preSolution
		HideSolutionNode = FALSE
	EndGlobalSection
EndGlobal
